{
    "name": "subtitle-manager-login-app",
    "version": "1.0.0",
    "lockfileVersion": 3,
    "requires": true,
    "packages": {
        "": {
            "name": "subtitle-manager-login-app",
            "version": "1.0.0",
            "dependencies": {
                "uform-api": "file:C:/Users/frank/repo/Form/uform-api",
                "uform-page": "file:C:/Users/frank/repo/Form/uform-page",
                "uform-utility": "file:C:/Users/frank/repo/Form/uform-utility"
            }
        },
        "../../../../../Form/uform-api": {
            "version": "1.0.0",
            "dependencies": {
                "uform-utility": "file:../uform-utility"
            }
        },
        "../../../../../Form/uform-page": {
            "version": "1.0.0",
            "dependencies": {
                "uform-utility": "file:../uform-utility"
            }
        },
        "../../../../../Form/uform-utility": {
            "version": "1.0.0"
        },
        "node_modules/uform-api": {
            "resolved": "../../../../../Form/uform-api",
            "link": true
        },
        "node_modules/uform-page": {
            "resolved": "../../../../../Form/uform-page",
            "link": true
        },
        "node_modules/uform-utility": {
            "resolved": "../../../../../Form/uform-utility",
            "link": true
        }
    }
}
