{
    "name": "video-subtitle-editor",
    "version": "1.0.0",
    "lockfileVersion": 3,
    "requires": true,
    "packages": {
        "": {
            "name": "video-subtitle-editor",
            "version": "1.0.0",
            "dependencies": {
                "uform-dialog": "file:C:/Users/frank/repo/Form/uform-dialog",
                "uform-form": "file:C:/Users/frank/repo/Form/uform-form",
                "uform-form-time": "file:C:/Users/frank/repo/Form/uform-form-time",
                "uform-utility": "file:C:/Users/frank/repo/Form/uform-utility"
            },
            "devDependencies": {
                "uform-api": "file:C:/Users/frank/repo/Form/uform-api",
                "uform-dropdown": "file:C:/Users/frank/repo/Form/uform-dropdown",
                "uform-popover": "file:C:/Users/frank/repo/Form/uform-popover"
            }
        },
        "../../../../../Form/uform-api": {
            "version": "1.0.0",
            "dev": true,
            "dependencies": {
                "uform-utility": "file:../uform-utility"
            }
        },
        "../../../../../Form/uform-dialog": {
            "version": "1.0.0",
            "dependencies": {
                "uform-utility": "file:../uform-utility"
            }
        },
        "../../../../../Form/uform-dropdown": {
            "version": "1.0.0",
            "dev": true,
            "dependencies": {
                "uform-utility": "file:../uform-utility"
            }
        },
        "../../../../../Form/uform-form": {
            "version": "1.0.0",
            "dependencies": {
                "uform-api": "file:../uform-api",
                "uform-dialog": "file:../uform-dialog",
                "uform-dropdown": "file:../uform-dropdown",
                "uform-popover": "file:../uform-popover",
                "uform-utility": "file:../uform-utility"
            }
        },
        "../../../../../Form/uform-form-time": {
            "version": "1.0.0",
            "dependencies": {
                "uform-form": "file:../uform-form",
                "uform-utility": "file:../uform-utility"
            },
            "devDependencies": {
                "uform-api": "file:../uform-api",
                "uform-dialog": "file:../uform-dialog",
                "uform-dropdown": "file:../uform-dropdown",
                "uform-popover": "file:../uform-popover"
            }
        },
        "../../../../../Form/uform-popover": {
            "version": "1.0.0",
            "dev": true,
            "dependencies": {
                "uform-dropdown": "file:../uform-dropdown",
                "uform-utility": "file:../uform-utility"
            }
        },
        "../../../../../Form/uform-utility": {
            "version": "1.0.0"
        },
        "node_modules/uform-api": {
            "resolved": "../../../../../Form/uform-api",
            "link": true
        },
        "node_modules/uform-dialog": {
            "resolved": "../../../../../Form/uform-dialog",
            "link": true
        },
        "node_modules/uform-dropdown": {
            "resolved": "../../../../../Form/uform-dropdown",
            "link": true
        },
        "node_modules/uform-form": {
            "resolved": "../../../../../Form/uform-form",
            "link": true
        },
        "node_modules/uform-form-time": {
            "resolved": "../../../../../Form/uform-form-time",
            "link": true
        },
        "node_modules/uform-popover": {
            "resolved": "../../../../../Form/uform-popover",
            "link": true
        },
        "node_modules/uform-utility": {
            "resolved": "../../../../../Form/uform-utility",
            "link": true
        }
    }
}
